// !$*UTF8*$!
{
	archiveVersion = 1;
	classes = {
	};
	objectVersion = 46;
	objects = {

/* Begin PBXBuildFile section */
		629FC7F41AA4DB21003B500F /* Currency.swift in Sources */ = {isa = PBXBuildFile; fileRef = 629FC7F31AA4DB21003B500F /* Currency.swift */; };
		62BD941B1AA3D70500F6957B /* AppDelegate.swift in Sources */ = {isa = PBXBuildFile; fileRef = 62BD941A1AA3D70500F6957B /* AppDelegate.swift */; };
		62BD941D1AA3D70500F6957B /* ViewController.swift in Sources */ = {isa = PBXBuildFile; fileRef = 62BD941C1AA3D70500F6957B /* ViewController.swift */; };
		62BD94201AA3D70500F6957B /* Main.storyboard in Resources */ = {isa = PBXBuildFile; fileRef = 62BD941E1AA3D70500F6957B /* Main.storyboard */; };
		62BD94221AA3D70500F6957B /* Images.xcassets in Resources */ = {isa = PBXBuildFile; fileRef = 62BD94211AA3D70500F6957B /* Images.xcassets */; };
		62BD94251AA3D70500F6957B /* LaunchScreen.xib in Resources */ = {isa = PBXBuildFile; fileRef = 62BD94231AA3D70500F6957B /* LaunchScreen.xib */; };
		62BD94311AA3D70500F6957B /* TipCalcTests.swift in Sources */ = {isa = PBXBuildFile; fileRef = 62BD94301AA3D70500F6957B /* TipCalcTests.swift */; };
		62BD943B1AA3F15500F6957B /* UserViewController.swift in Sources */ = {isa = PBXBuildFile; fileRef = 62BD943A1AA3F15500F6957B /* UserViewController.swift */; };
		62BD94401AA4CB7000F6957B /* CorlorTheme.swift in Sources */ = {isa = PBXBuildFile; fileRef = 62BD943F1AA4CB7000F6957B /* CorlorTheme.swift */; };
/* End PBXBuildFile section */

/* Begin PBXContainerItemProxy section */
		62BD942B1AA3D70500F6957B /* PBXContainerItemProxy */ = {
			isa = PBXContainerItemProxy;
			containerPortal = 62BD940D1AA3D70400F6957B /* Project object */;
			proxyType = 1;
			remoteGlobalIDString = 62BD94141AA3D70400F6957B;
			remoteInfo = TipCalc;
		};
/* End PBXContainerItemProxy section */

/* Begin PBXFileReference section */
		629FC7F31AA4DB21003B500F /* Currency.swift */ = {isa = PBXFileReference; fileEncoding = 4; lastKnownFileType = sourcecode.swift; path = Currency.swift; sourceTree = "<group>"; };
		62BD94151AA3D70500F6957B /* TipCalc.app */ = {isa = PBXFileReference; explicitFileType = wrapper.application; includeInIndex = 0; path = TipCalc.app; sourceTree = BUILT_PRODUCTS_DIR; };
		62BD94191AA3D70500F6957B /* Info.plist */ = {isa = PBXFileReference; lastKnownFileType = text.plist.xml; path = Info.plist; sourceTree = "<group>"; };
		62BD941A1AA3D70500F6957B /* AppDelegate.swift */ = {isa = PBXFileReference; lastKnownFileType = sourcecode.swift; path = AppDelegate.swift; sourceTree = "<group>"; };
		62BD941C1AA3D70500F6957B /* ViewController.swift */ = {isa = PBXFileReference; lastKnownFileType = sourcecode.swift; path = ViewController.swift; sourceTree = "<group>"; };
		62BD941F1AA3D70500F6957B /* Base */ = {isa = PBXFileReference; lastKnownFileType = file.storyboard; name = Base; path = Base.lproj/Main.storyboard; sourceTree = "<group>"; };
		62BD94211AA3D70500F6957B /* Images.xcassets */ = {isa = PBXFileReference; lastKnownFileType = folder.assetcatalog; path = Images.xcassets; sourceTree = "<group>"; };
		62BD94241AA3D70500F6957B /* Base */ = {isa = PBXFileReference; lastKnownFileType = file.xib; name = Base; path = Base.lproj/LaunchScreen.xib; sourceTree = "<group>"; };
		62BD942A1AA3D70500F6957B /* TipCalcTests.xctest */ = {isa = PBXFileReference; explicitFileType = wrapper.cfbundle; includeInIndex = 0; path = TipCalcTests.xctest; sourceTree = BUILT_PRODUCTS_DIR; };
		62BD942F1AA3D70500F6957B /* Info.plist */ = {isa = PBXFileReference; lastKnownFileType = text.plist.xml; path = Info.plist; sourceTree = "<group>"; };
		62BD94301AA3D70500F6957B /* TipCalcTests.swift */ = {isa = PBXFileReference; lastKnownFileType = sourcecode.swift; path = TipCalcTests.swift; sourceTree = "<group>"; };
		62BD943A1AA3F15500F6957B /* UserViewController.swift */ = {isa = PBXFileReference; fileEncoding = 4; lastKnownFileType = sourcecode.swift; path = UserViewController.swift; sourceTree = "<group>"; };
		62BD943F1AA4CB7000F6957B /* CorlorTheme.swift */ = {isa = PBXFileReference; fileEncoding = 4; lastKnownFileType = sourcecode.swift; path = CorlorTheme.swift; sourceTree = "<group>"; };
/* End PBXFileReference section */

/* Begin PBXFrameworksBuildPhase section */
		62BD94121AA3D70400F6957B /* Frameworks */ = {
			isa = PBXFrameworksBuildPhase;
			buildActionMask = 2147483647;
			files = (
			);
			runOnlyForDeploymentPostprocessing = 0;
		};
		62BD94271AA3D70500F6957B /* Frameworks */ = {
			isa = PBXFrameworksBuildPhase;
			buildActionMask = 2147483647;
			files = (
			);
			runOnlyForDeploymentPostprocessing = 0;
		};
/* End PBXFrameworksBuildPhase section */

/* Begin PBXGroup section */
		62BD940C1AA3D70400F6957B = {
			isa = PBXGroup;
			children = (
				62BD94171AA3D70500F6957B /* TipCalc */,
				62BD942D1AA3D70500F6957B /* TipCalcTests */,
				62BD94161AA3D70500F6957B /* Products */,
			);
			sourceTree = "<group>";
		};
		62BD94161AA3D70500F6957B /* Products */ = {
			isa = PBXGroup;
			children = (
				62BD94151AA3D70500F6957B /* TipCalc.app */,
				62BD942A1AA3D70500F6957B /* TipCalcTests.xctest */,
			);
			name = Products;
			sourceTree = "<group>";
		};
		62BD94171AA3D70500F6957B /* TipCalc */ = {
			isa = PBXGroup;
			children = (
				62BD943C1AA3F15B00F6957B /* View Controllers */,
				62BD941A1AA3D70500F6957B /* AppDelegate.swift */,
				62BD941E1AA3D70500F6957B /* Main.storyboard */,
				62BD94211AA3D70500F6957B /* Images.xcassets */,
				62BD94231AA3D70500F6957B /* LaunchScreen.xib */,
				62BD94181AA3D70500F6957B /* Supporting Files */,
				62BD943F1AA4CB7000F6957B /* CorlorTheme.swift */,
				629FC7F31AA4DB21003B500F /* Currency.swift */,
			);
			path = TipCalc;
			sourceTree = "<group>";
		};
		62BD94181AA3D70500F6957B /* Supporting Files */ = {
			isa = PBXGroup;
			children = (
				62BD94191AA3D70500F6957B /* Info.plist */,
			);
			name = "Supporting Files";
			sourceTree = "<group>";
		};
		62BD942D1AA3D70500F6957B /* TipCalcTests */ = {
			isa = PBXGroup;
			children = (
				62BD94301AA3D70500F6957B /* TipCalcTests.swift */,
				62BD942E1AA3D70500F6957B /* Supporting Files */,
			);
			path = TipCalcTests;
			sourceTree = "<group>";
		};
		62BD942E1AA3D70500F6957B /* Supporting Files */ = {
			isa = PBXGroup;
			children = (
				62BD942F1AA3D70500F6957B /* Info.plist */,
			);
			name = "Supporting Files";
			sourceTree = "<group>";
		};
		62BD943C1AA3F15B00F6957B /* View Controllers */ = {
			isa = PBXGroup;
			children = (
				62BD941C1AA3D70500F6957B /* ViewController.swift */,
				62BD943A1AA3F15500F6957B /* UserViewController.swift */,
			);
			name = "View Controllers";
			sourceTree = "<group>";
		};
/* End PBXGroup section */

/* Begin PBXNativeTarget section */
		62BD94141AA3D70400F6957B /* TipCalc */ = {
			isa = PBXNativeTarget;
			buildConfigurationList = 62BD94341AA3D70500F6957B /* Build configuration list for PBXNativeTarget "TipCalc" */;
			buildPhases = (
				62BD94111AA3D70400F6957B /* Sources */,
				62BD94121AA3D70400F6957B /* Frameworks */,
				62BD94131AA3D70400F6957B /* Resources */,
			);
			buildRules = (
			);
			dependencies = (
			);
			name = TipCalc;
			productName = TipCalc;
			productReference = 62BD94151AA3D70500F6957B /* TipCalc.app */;
			productType = "com.apple.product-type.application";
		};
		62BD94291AA3D70500F6957B /* TipCalcTests */ = {
			isa = PBXNativeTarget;
			buildConfigurationList = 62BD94371AA3D70500F6957B /* Build configuration list for PBXNativeTarget "TipCalcTests" */;
			buildPhases = (
				62BD94261AA3D70500F6957B /* Sources */,
				62BD94271AA3D70500F6957B /* Frameworks */,
				62BD94281AA3D70500F6957B /* Resources */,
			);
			buildRules = (
			);
			dependencies = (
				62BD942C1AA3D70500F6957B /* PBXTargetDependency */,
			);
			name = TipCalcTests;
			productName = TipCalcTests;
			productReference = 62BD942A1AA3D70500F6957B /* TipCalcTests.xctest */;
			productType = "com.apple.product-type.bundle.unit-test";
		};
/* End PBXNativeTarget section */

/* Begin PBXProject section */
		62BD940D1AA3D70400F6957B /* Project object */ = {
			isa = PBXProject;
			attributes = {
				LastUpgradeCheck = 0610;
				ORGANIZATIONNAME = "ZhongQi Liang";
				TargetAttributes = {
					62BD94141AA3D70400F6957B = {
						CreatedOnToolsVersion = 6.1.1;
					};
					62BD94291AA3D70500F6957B = {
						CreatedOnToolsVersion = 6.1.1;
						TestTargetID = 62BD94141AA3D70400F6957B;
					};
				};
			};
			buildConfigurationList = 62BD94101AA3D70400F6957B /* Build configuration list for PBXProject "TipCalc" */;
			compatibilityVersion = "Xcode 3.2";
			developmentRegion = English;
			hasScannedForEncodings = 0;
			knownRegions = (
				en,
				Base,
			);
			mainGroup = 62BD940C1AA3D70400F6957B;
			productRefGroup = 62BD94161AA3D70500F6957B /* Products */;
			projectDirPath = "";
			projectRoot = "";
			targets = (
				62BD94141AA3D70400F6957B /* TipCalc */,
				62BD94291AA3D70500F6957B /* TipCalcTests */,
			);
		};
/* End PBXProject section */

/* Begin PBXResourcesBuildPhase section */
		62BD94131AA3D70400F6957B /* Resources */ = {
			isa = PBXResourcesBuildPhase;
			buildActionMask = 2147483647;
			files = (
				62BD94201AA3D70500F6957B /* Main.storyboard in Resources */,
				62BD94251AA3D70500F6957B /* LaunchScreen.xib in Resources */,
				62BD94221AA3D70500F6957B /* Images.xcassets in Resources */,
			);
			runOnlyForDeploymentPostprocessing = 0;
		};
		62BD94281AA3D70500F6957B /* Resources */ = {
			isa = PBXResourcesBuildPhase;
			buildActionMask = 2147483647;
			files = (
			);
			runOnlyForDeploymentPostprocessing = 0;
		};
/* End PBXResourcesBuildPhase section */

/* Begin PBXSourcesBuildPhase section */
		62BD94111AA3D70400F6957B /* Sources */ = {
			isa = PBXSourcesBuildPhase;
			buildActionMask = 2147483647;
			files = (
				62BD94401AA4CB7000F6957B /* CorlorTheme.swift in Sources */,
				629FC7F41AA4DB21003B500F /* Currency.swift in Sources */,
				62BD941D1AA3D70500F6957B /* ViewController.swift in Sources */,
				62BD943B1AA3F15500F6957B /* UserViewController.swift in Sources */,
				62BD941B1AA3D70500F6957B /* AppDelegate.swift in Sources */,
			);
			runOnlyForDeploymentPostprocessing = 0;
		};
		62BD94261AA3D70500F6957B /* Sources */ = {
			isa = PBXSourcesBuildPhase;
			buildActionMask = 2147483647;
			files = (
				62BD94311AA3D70500F6957B /* TipCalcTests.swift in Sources */,
			);
			runOnlyForDeploymentPostprocessing = 0;
		};
/* End PBXSourcesBuildPhase section */

/* Begin PBXTargetDependency section */
		62BD942C1AA3D70500F6957B /* PBXTargetDependency */ = {
			isa = PBXTargetDependency;
			target = 62BD94141AA3D70400F6957B /* TipCalc */;
			targetProxy = 62BD942B1AA3D70500F6957B /* PBXContainerItemProxy */;
		};
/* End PBXTargetDependency section */

/* Begin PBXVariantGroup section */
		62BD941E1AA3D70500F6957B /* Main.storyboard */ = {
			isa = PBXVariantGroup;
			children = (
				62BD941F1AA3D70500F6957B /* Base */,
			);
			name = Main.storyboard;
			sourceTree = "<group>";
		};
		62BD94231AA3D70500F6957B /* LaunchScreen.xib */ = {
			isa = PBXVariantGroup;
			children = (
				62BD94241AA3D70500F6957B /* Base */,
			);
			name = LaunchScreen.xib;
			sourceTree = "<group>";
		};
/* End PBXVariantGroup section */

/* Begin XCBuildConfiguration section */
		62BD94321AA3D70500F6957B /* Debug */ = {
			isa = XCBuildConfiguration;
			buildSettings = {
				ALWAYS_SEARCH_USER_PATHS = NO;
				CLANG_CXX_LANGUAGE_STANDARD = "gnu++0x";
				CLANG_CXX_LIBRARY = "libc++";
				CLANG_ENABLE_MODULES = YES;
				CLANG_ENABLE_OBJC_ARC = YES;
				CLANG_WARN_BOOL_CONVERSION = YES;
				CLANG_WARN_CONSTANT_CONVERSION = YES;
				CLANG_WARN_DIRECT_OBJC_ISA_USAGE = YES_ERROR;
				CLANG_WARN_EMPTY_BODY = YES;
				CLANG_WARN_ENUM_CONVERSION = YES;
				CLANG_WARN_INT_CONVERSION = YES;
				CLANG_WARN_OBJC_ROOT_CLASS = YES_ERROR;
				CLANG_WARN_UNREACHABLE_CODE = YES;
				CLANG_WARN__DUPLICATE_METHOD_MATCH = YES;
				"CODE_SIGN_IDENTITY[sdk=iphoneos*]" = "iPhone Developer";
				COPY_PHASE_STRIP = NO;
				ENABLE_STRICT_OBJC_MSGSEND = YES;
				GCC_C_LANGUAGE_STANDARD = gnu99;
				GCC_DYNAMIC_NO_PIC = NO;
				GCC_OPTIMIZATION_LEVEL = 0;
				GCC_PREPROCESSOR_DEFINITIONS = (
					"DEBUG=1",
					"$(inherited)",
				);
				GCC_SYMBOLS_PRIVATE_EXTERN = NO;
				GCC_WARN_64_TO_32_BIT_CONVERSION = YES;
				GCC_WARN_ABOUT_RETURN_TYPE = YES_ERROR;
				GCC_WARN_UNDECLARED_SELECTOR = YES;
				GCC_WARN_UNINITIALIZED_AUTOS = YES_AGGRESSIVE;
				GCC_WARN_UNUSED_FUNCTION = YES;
				GCC_WARN_UNUSED_VARIABLE = YES;
				IPHONEOS_DEPLOYMENT_TARGET = 8.1;
				MTL_ENABLE_DEBUG_INFO = YES;
				ONLY_ACTIVE_ARCH = YES;
				SDKROOT = iphoneos;
				SWIFT_OPTIMIZATION_LEVEL = "-Onone";
			};
			name = Debug;
		};
		62BD94331AA3D70500F6957B /* Release */ = {
			isa = XCBuildConfiguration;
			buildSettings = {
				ALWAYS_SEARCH_USER_PATHS = NO;
				CLANG_CXX_LANGUAGE_STANDARD = "gnu++0x";
				CLANG_CXX_LIBRARY = "libc++";
				CLANG_ENABLE_MODULES = YES;
				CLANG_ENABLE_OBJC_ARC = YES;
				CLANG_WARN_BOOL_CONVERSION = YES;
				CLANG_WARN_CONSTANT_CONVERSION = YES;
				CLANG_WARN_DIRECT_OBJC_ISA_USAGE = YES_ERROR;
				CLANG_WARN_EMPTY_BODY = YES;
				CLANG_WARN_ENUM_CONVERSION = YES;
				CLANG_WARN_INT_CONVERSION = YES;
				CLANG_WARN_OBJC_ROOT_CLASS = YES_ERROR;
				CLANG_WARN_UNREACHABLE_CODE = YES;
				CLANG_WARN__DUPLICATE_METHOD_MATCH = YES;
				"CODE_SIGN_IDENTITY[sdk=iphoneos*]" = "iPhone Developer";
				COPY_PHASE_STRIP = YES;
				ENABLE_NS_ASSERTIONS = NO;
				ENABLE_STRICT_OBJC_MSGSEND = YES;
				GCC_C_LANGUAGE_STANDARD = gnu99;
				GCC_WARN_64_TO_32_BIT_CONVERSION = YES;
				GCC_WARN_ABOUT_RETURN_TYPE = YES_ERROR;
				GCC_WARN_UNDECLARED_SELECTOR = YES;
				GCC_WARN_UNINITIALIZED_AUTOS = YES_AGGRESSIVE;
				GCC_WARN_UNUSED_FUNCTION = YES;
				GCC_WARN_UNUSED_VARIABLE = YES;
				IPHONEOS_DEPLOYMENT_TARGET = 8.1;
				MTL_ENABLE_DEBUG_INFO = NO;
				SDKROOT = iphoneos;
				VALIDATE_PRODUCT = YES;
			};
			name = Release;
		};
		62BD94351AA3D70500F6957B /* Debug */ = {
			isa = XCBuildConfiguration;
			buildSettings = {
				ASSETCATALOG_COMPILER_APPICON_NAME = AppIcon;
				INFOPLIST_FILE = TipCalc/Info.plist;
				IPHONEOS_DEPLOYMENT_TARGET = 7.0;
				LD_RUNPATH_SEARCH_PATHS = "$(inherited) @executable_path/Frameworks";
				PRODUCT_NAME = "$(TARGET_NAME)";
				TARGETED_DEVICE_FAMILY = 1;
			};
			name = Debug;
		};
		62BD94361AA3D70500F6957B /* Release */ = {
			isa = XCBuildConfiguration;
			buildSettings = {
				ASSETCATALOG_COMPILER_APPICON_NAME = AppIcon;
				INFOPLIST_FILE = TipCalc/Info.plist;
				IPHONEOS_DEPLOYMENT_TARGET = 7.0;
				LD_RUNPATH_SEARCH_PATHS = "$(inherited) @executable_path/Frameworks";
				PRODUCT_NAME = "$(TARGET_NAME)";
				TARGETED_DEVICE_FAMILY = 1;
			};
			name = Release;
		};
		62BD94381AA3D70500F6957B /* Debug */ = {
			isa = XCBuildConfiguration;
			buildSettings = {
				BUNDLE_LOADER = "$(TEST_HOST)";
				FRAMEWORK_SEARCH_PATHS = (
					"$(SDKROOT)/Developer/Library/Frameworks",
					"$(inherited)",
				);
				GCC_PREPROCESSOR_DEFINITIONS = (
					"DEBUG=1",
					"$(inherited)",
				);
				INFOPLIST_FILE = TipCalcTests/Info.plist;
				LD_RUNPATH_SEARCH_PATHS = "$(inherited) @executable_path/Frameworks @loader_path/Frameworks";
				PRODUCT_NAME = "$(TARGET_NAME)";
				TEST_HOST = "$(BUILT_PRODUCTS_DIR)/TipCalc.app/TipCalc";
			};
			name = Debug;
		};
		62BD94391AA3D70500F6957B /* Release */ = {
			isa = XCBuildConfiguration;
			buildSettings = {
				BUNDLE_LOADER = "$(TEST_HOST)";
				FRAMEWORK_SEARCH_PATHS = (
					"$(SDKROOT)/Developer/Library/Frameworks",
					"$(inherited)",
				);
				INFOPLIST_FILE = TipCalcTests/Info.plist;
				LD_RUNPATH_SEARCH_PATHS = "$(inherited) @executable_path/Frameworks @loader_path/Frameworks";
				PRODUCT_NAME = "$(TARGET_NAME)";
				TEST_HOST = "$(BUILT_PRODUCTS_DIR)/TipCalc.app/TipCalc";
			};
			name = Release;
		};
/* End XCBuildConfiguration section */

/* Begin XCConfigurationList section */
		62BD94101AA3D70400F6957B /* Build configuration list for PBXProject "TipCalc" */ = {
			isa = XCConfigurationList;
			buildConfigurations = (
				62BD94321AA3D70500F6957B /* Debug */,
				62BD94331AA3D70500F6957B /* Release */,
			);
			defaultConfigurationIsVisible = 0;
			defaultConfigurationName = Release;
		};
		62BD94341AA3D70500F6957B /* Build configuration list for PBXNativeTarget "TipCalc" */ = {
			isa = XCConfigurationList;
			buildConfigurations = (
				62BD94351AA3D70500F6957B /* Debug */,
				62BD94361AA3D70500F6957B /* Release */,
			);
			defaultConfigurationIsVisible = 0;
			defaultConfigurationName = Release;
		};
		62BD94371AA3D70500F6957B /* Build configuration list for PBXNativeTarget "TipCalcTests" */ = {
			isa = XCConfigurationList;
			buildConfigurations = (
				62BD94381AA3D70500F6957B /* Debug */,
				62BD94391AA3D70500F6957B /* Release */,
			);
			defaultConfigurationIsVisible = 0;
			defaultConfigurationName = Release;
		};
/* End XCConfigurationList section */
	};
	rootObject = 62BD940D1AA3D70400F6957B /* Project object */;
}
